<?xml version="1.0" encoding="utf-8"?>
<Project ToolsVersion="4.0" xmlns="http://schemas.microsoft.com/developer/msbuild/2003">
  <ItemGroup>
    <ClCompile Include="Source\main.cpp" />
    <ClCompile Include="Source\stdafx.cpp" />
    <ClCompile Include="Source\Scene.cpp" />
    <ClCompile Include="Source\DX\DescriptorTable.cpp" />
    <ClCompile Include="Source\DX\DeviceResource.cpp" />
    <ClCompile Include="Source\DX\Util\GPUUploadBuffer.cpp" />
    <ClCompile Include="Source\DX\Raytracing\DXRDevice.cpp" />
    <ClCompile Include="Source\DX\Resource\Texture2D.cpp" />
    <ClCompile Include="Source\ImGui\ImGuiManager.cpp" />
    <ClCompile Include="Source\Input\InputManager.cpp" />
    <ClCompile Include="Source\Input\Keyboard.cpp" />
    <ClCompile Include="Source\Input\Mouse.cpp" />
    <ClCompile Include="Source\Libs\ImGui\imgui.cpp" />
    <ClCompile Include="Source\Libs\ImGui\imgui_draw.cpp" />
    <ClCompile Include="Source\Libs\ImGui\imgui_impl_dx12.cpp" />
    <ClCompile Include="Source\Libs\ImGui\imgui_impl_win32.cpp" />
    <ClCompile Include="Source\Libs\ImGui\imgui_widgets.cpp" />
    <ClCompile Include="Source\Math\Angle.cpp" />
    <ClCompile Include="Source\Math\Matrix4x4.cpp" />
    <ClCompile Include="Source\Math\Quaternion.cpp" />
    <ClCompile Include="Source\Math\Vector2.cpp" />
    <ClCompile Include="Source\Math\Vector3.cpp" />
    <ClCompile Include="Source\Math\Vector4.cpp" />
    <ClCompile Include="Source\Utility\IO\GLBLoader.cpp" />
    <ClCompile Include="Source\Utility\IO\TextureLoader.cpp" />
    <ClCompile Include="Source\Utility\Color4.cpp" />
    <ClCompile Include="Source\Utility\GPUTimer.cpp" />
    <ClCompile Include="Source\Utility\Path.cpp" />
    <ClCompile Include="Source\Utility\Time.cpp" />
    <ClCompile Include="Source\Window\Procedure\CreateProc.cpp" />
    <ClCompile Include="Source\Window\Procedure\DestroyProc.cpp" />
    <ClCompile Include="Source\Window\Procedure\ImGuiProc.cpp" />
    <ClCompile Include="Source\Window\Procedure\PaintProc.cpp" />
    <ClCompile Include="Source\Window\Procedure\Procedures.cpp" />
    <ClCompile Include="Source\Window\Procedure\SizeChanged.cpp" />
    <ClCompile Include="Source\Window\Procedure\SysKeyDown.cpp" />
    <ClCompile Include="Source\Window\Procedure\WindowMoved.cpp" />
    <ClCompile Include="Source\Window\Window.cpp" />
    <ClCompile Include="Source\Game.cpp" />
    <ClCompile Include="Source\Device\GameDevice.cpp" />
    <ClCompile Include="Source\Camera\Perspective.cpp" />
    <ClCompile Include="Source\DX\Shader\RootSignature.cpp" />
    <ClCompile Include="Source\DX\Raytracing\DXRPipelineStateObject.cpp" />
    <ClCompile Include="Source\DX\Raytracing\BottomLevelAccelerationStructure.cpp" />
    <ClCompile Include="Source\DX\Raytracing\TopLevelAccelerationStructure.cpp" />
    <ClCompile Include="Source\DX\Resource\Buffer.cpp" />
    <ClCompile Include="Source\DX\Resource\IndexBuffer.cpp" />
    <ClCompile Include="Source\DX\Resource\IndexBufferView.cpp" />
    <ClCompile Include="Source\DX\Resource\VertexBuffer.cpp" />
    <ClCompile Include="Source\DX\Resource\VertexBufferView.cpp" />
    <ClCompile Include="Source\DX\Resource\ShaderResourceView.cpp" />
    <ClCompile Include="Source\DX\Resource\UnorderedAccessView.cpp" />
    <ClCompile Include="Source\DX\Resource\ConstantBufferView.cpp" />
    <ClCompile Include="Source\DX\Descriptor\DescriptorAllocator.cpp" />
    <ClCompile Include="Source\DX\Descriptor\DescriptorSet.cpp" />
    <ClCompile Include="Source\DX\Descriptor\GlobalDescriptorHeap.cpp" />
    <ClCompile Include="Source\DX\Descriptor\LocalDescriptorHeap.cpp" />
    <ClCompile Include="Source\DX\Descriptor\RaytracingDescriptorManager.cpp" />
  </ItemGroup>
  <ItemGroup>
    <ClInclude Include="Source\stdafx.h" />
    <ClInclude Include="Source\targetvar.h" />
    <ClInclude Include="Source\Scene.h" />
    <ClInclude Include="Source\Define.h" />
    <ClInclude Include="Source\Typedef.h" />
    <ClInclude Include="Assets\Shader\Raytracing\Util\GlobalCompat.h" />
    <ClInclude Include="Assets\Shader\Raytracing\Util\MissCompat.h" />
    <ClInclude Include="Assets\Shader\Raytracing\Util\HitGroupCompat.h" />
    <ClInclude Include="Assets\Shader\Raytracing\Util\PBR.hlsli" />
    <ClInclude Include="Source\DX\DescriptorTable.h" />
    <ClInclude Include="Source\DX\DeviceResource.h" />
    <ClInclude Include="Source\DX\ModelCompat.h" />
    <ClInclude Include="Source\DX\Util\GPUUploadBuffer.h" />
    <ClInclude Include="Source\DX\Raytracing\DXRDevice.h" />
    <ClInclude Include="Source\DX\Resource\Texture2D.h" />
    <ClInclude Include="Source\ImGui\ImGuiInclude.h" />
    <ClInclude Include="Source\ImGui\ImGuiManager.h" />
    <ClInclude Include="Source\Input\InputManager.h" />
    <ClInclude Include="Source\Input\Keyboard.h" />
    <ClInclude Include="Source\Input\KeyCode.h" />
    <ClInclude Include="Source\Input\Mouse.h" />
    <ClInclude Include="Source\Libs\ImGui\imconfig.h" />
    <ClInclude Include="Source\Libs\ImGui\imgui.h" />
    <ClInclude Include="Source\Libs\ImGui\imgui_impl_dx12.h" />
    <ClInclude Include="Source\Libs\ImGui\imgui_impl_win32.h" />
    <ClInclude Include="Source\Libs\ImGui\imgui_internal.h" />
    <ClInclude Include="Source\Libs\ImGui\imstb_rectpack.h" />
    <ClInclude Include="Source\Libs\ImGui\imstb_textedit.h" />
    <ClInclude Include="Source\Libs\ImGui\imstb_truetype.h" />
    <ClInclude Include="Source\Libs\stb\stb_image.h" />
    <ClInclude Include="Source\Libs\d3dx12.h" />
    <ClInclude Include="Source\Math\Angle.h" />
    <ClInclude Include="Source\Math\MathUtility.h" />
    <ClInclude Include="Source\Math\Matrix4x4.h" />
    <ClInclude Include="Source\Math\Quaternion.h" />
    <ClInclude Include="Source\Math\Vector2.h" />
    <ClInclude Include="Source\Math\Vector3.h" />
    <ClInclude Include="Source\Math\Vector4.h" />
    <ClInclude Include="Source\Math\VectorUtil.h" />
    <ClInclude Include="Source\Utility\IO\GLBLoader.h" />
    <ClInclude Include="Source\Utility\IO\TextureLoader.h" />
    <ClInclude Include="Source\Utility\Color4.h" />
    <ClInclude Include="Source\Utility\Debug.h" />
    <ClInclude Include="Source\Utility\GPUTimer.h" />
    <ClInclude Include="Source\Utility\HrException.h" />
    <ClInclude Include="Source\Utility\Path.h" />
    <ClInclude Include="Source\Utility\Singleton.h" />
    <ClInclude Include="Source\Utility\StringUtil.h" />
    <ClInclude Include="Source\Utility\Time.h" />
    <ClInclude Include="Source\Window\Procedure\CreateProc.h" />
    <ClInclude Include="Source\Window\Procedure\DestroyProc.h" />
    <ClInclude Include="Source\Window\Procedure\ImGuiProc.h" />
    <ClInclude Include="Source\Window\Procedure\IWindowProc.h" />
    <ClInclude Include="Source\Window\Procedure\PaintProc.h" />
    <ClInclude Include="Source\Window\Procedure\Procedures.h" />
    <ClInclude Include="Source\Window\Procedure\SizeChanged.h" />
    <ClInclude Include="Source\Window\Procedure\SysKeyDown.h" />
    <ClInclude Include="Source\Window\Procedure\WindowMoved.h" />
    <ClInclude Include="Source\Window\Window.h" />
    <ClInclude Include="Source\Game.h" />
    <ClInclude Include="Source\Desc\DescriptorTableDesc.h" />
    <ClInclude Include="Source\Desc\TextureDesc.h" />
    <ClInclude Include="Source\Device\GameDevice.h" />
    <ClInclude Include="Source\Device\ISystemEventNotify.h" />
    <ClInclude Include="Source\Camera\Perspective.h" />
    <ClInclude Include="Source\DX\Raytracing\Shader\ShaderRecord.h" />
    <ClInclude Include="Source\DX\Raytracing\Shader\ShaderTable.h" />
    <ClInclude Include="Source\DX\Shader\RootSignature.h" />
    <ClInclude Include="Source\DX\Raytracing\DXRPipelineStateObject.h" />
    <ClInclude Include="Source\DX\Util\Helper.h" />
    <ClInclude Include="Source\DX\Raytracing\BottomLevelAccelerationStructure.h" />
    <ClInclude Include="Source\DX\Raytracing\TopLevelAccelerationStructure.h" />
    <ClInclude Include="Source\Utility\STLExtend.h" />
    <ClInclude Include="Source\DX\Resource\Buffer.h" />
    <ClInclude Include="Source\DX\Resource\IndexBuffer.h" />
    <ClInclude Include="Source\DX\Resource\IndexBufferView.h" />
    <ClInclude Include="Source\DX\Resource\ShaderResourceView.h" />
    <ClInclude Include="Source\DX\Resource\VertexBuffer.h" />
    <ClInclude Include="Source\DX\Resource\VertexBufferView.h" />
    <ClInclude Include="Source\DX\Resource\UnorderedAccessView.h" />
    <ClInclude Include="Source\DX\Resource\ConstantBuffer.h" />
    <ClInclude Include="Source\DX\Resource\ConstantBufferView.h" />
    <ClInclude Include="Source\DX\Descriptor\DescriptorAllocator.h" />
    <ClInclude Include="Source\DX\Descriptor\DescriptorInfo.h" />
    <ClInclude Include="Source\DX\Descriptor\DescriptorParameter.h" />
    <ClInclude Include="Source\DX\Descriptor\DescriptorSet.h" />
    <ClInclude Include="Source\DX\Descriptor\GlobalDescriptorHeap.h" />
    <ClInclude Include="Source\DX\Descriptor\LocalDescriptorHeap.h" />
    <ClInclude Include="Source\DX\Descriptor\RaytracingDescriptorManager.h" />
  </ItemGroup>
  <ItemGroup>
    <None Include="packages.config" />
    <None Include="Assets\Shader\Raytracing\Util\Helper.hlsli" />
    <None Include="Assets\Shader\Raytracing\Util\Global.hlsli" />
    <None Include="Assets\Shader\Raytracing\Util\Typedef.hlsli" />
    <None Include="Assets\Shader\Raytracing\MissShader\Local.hlsli" />
    <None Include="Assets\Shader\Raytracing\HitGroup\Local.hlsli" />
    <None Include="Assets\Shader\Raytracing\HitGroup\Helper.hlsli" />
    <None Include=".clang-format" />
  </ItemGroup>
  <ItemGroup>
    <FxCompile Include="Assets\Shader\Raytracing\RayGenShader.hlsl" />
    <FxCompile Include="Assets\Shader\Raytracing\MissShader\Miss.hlsl" />
    <FxCompile Include="Assets\Shader\Raytracing\MissShader\Shadow.hlsl" />
    <FxCompile Include="Assets\Shader\Raytracing\HitGroup\ClosestHit\ClosestHit_Plane.hlsl" />
    <FxCompile Include="Assets\Shader\Raytracing\HitGroup\ClosestHit\ClosestHit_Normal.hlsl" />
    <FxCompile Include="Assets\Shader\Raytracing\HitGroup\ClosestHit\ClosestHit_Sphere.hlsl" />
  </ItemGroup>
</Project>